
Microsoft Visual Studio Solution File, Format Version 12.00
# Visual Studio Version 16
VisualStudioVersion = 16.0.32002.261
MinimumVisualStudioVersion = 10.0.40219.1
Project("{8BC9CEB8-8B4A-11D0-8D11-00A0C91BC942}") = "ConsoleApplication2", "ConsoleApplication2\ConsoleApplication2.vcxproj", "{BE50FA72-E64F-416F-9C75-E5DEE13418E4}"
EndProject
Global
	GlobalSection(SolutionConfigurationPlatforms) = preSolution
		Debug|x64 = Debug|x64
		Debug|x86 = Debug|x86
		Release|x64 = Release|x64
		Release|x86 = Release|x86
	EndGlobalSection
	GlobalSection(ProjectConfigurationPlatforms) = postSolution
		{BE50FA72-E64F-416F-9C75-E5DEE13418E4}.Debug|x64.ActiveCfg = Debug|x64
		{BE50FA72-E64F-416F-9C75-E5DEE13418E4}.Debug|x64.Build.0 = Debug|x64
		{BE50FA72-E64F-416F-9C75-E5DEE13418E4}.Debug|x86.ActiveCfg = Debug|Win32
		{BE50FA72-E64F-416F-9C75-E5DEE13418E4}.Debug|x86.Build.0 = Debug|Win32
		{BE50FA72-E64F-416F-9C75-E5DEE13418E4}.Release|x64.ActiveCfg = Release|x64
		{BE50FA72-E64F-416F-9C75-E5DEE13418E4}.Release|x64.Build.0 = Release|x64
		{BE50FA72-E64F-416F-9C75-E5DEE13418E4}.Release|x86.ActiveCfg = Release|Win32
		{BE50FA72-E64F-416F-9C75-E5DEE13418E4}.Release|x86.Build.0 = Release|Win32
	EndGlobalSection
	GlobalSection(SolutionProperties) = preSolution
		HideSolutionNode = FALSE
	EndGlobalSection
	GlobalSection(ExtensibilityGlobals) = postSolution
		SolutionGuid = {00F5A8CC-E030-4CC6-9B5B-6F8B1EAA077A}
	EndGlobalSection
EndGlobal
